
Microsoft Visual Studio Solution File, Format Version 12.00
# Visual Studio Version 17
VisualStudioVersion = 17.12.35506.116 d17.12
MinimumVisualStudioVersion = 10.0.40219.1
Project("{FAE04EC0-301F-11D3-BF4B-00C04F79EFBC}") = "TesteDeMesa3", "TesteDeMesa3.csproj", "{714E8944-8A8D-4BF0-840A-CB08B41B86CD}"
EndProject
Global
	GlobalSection(SolutionConfigurationPlatforms) = preSolution
		Debug|Any CPU = Debug|Any CPU
		Release|Any CPU = Release|Any CPU
	EndGlobalSection
	GlobalSection(ProjectConfigurationPlatforms) = postSolution
		{714E8944-8A8D-4BF0-840A-CB08B41B86CD}.Debug|Any CPU.ActiveCfg = Debug|Any CPU
		{714E8944-8A8D-4BF0-840A-CB08B41B86CD}.Debug|Any CPU.Build.0 = Debug|Any CPU
		{714E8944-8A8D-4BF0-840A-CB08B41B86CD}.Release|Any CPU.ActiveCfg = Release|Any CPU
		{714E8944-8A8D-4BF0-840A-CB08B41B86CD}.Release|Any CPU.Build.0 = Release|Any CPU
	EndGlobalSection
	GlobalSection(SolutionProperties) = preSolution
		HideSolutionNode = FALSE
	EndGlobalSection
EndGlobal
